// !$*UTF8*$!
{
	archiveVersion = 1;
	classes = {
	};
	objectVersion = 50;
	objects = {

/* Begin PBXBuildFile section */
		50F463F4262793A60062111B /* AppDelegate.swift in Sources */ = {isa = PBXBuildFile; fileRef = 50F463F3262793A60062111B /* AppDelegate.swift */; };
		50F463F6262793A60062111B /* SceneDelegate.swift in Sources */ = {isa = PBXBuildFile; fileRef = 50F463F5262793A60062111B /* SceneDelegate.swift */; };
		50F463F8262793A60062111B /* ViewController.swift in Sources */ = {isa = PBXBuildFile; fileRef = 50F463F7262793A60062111B /* ViewController.swift */; };
		50F463FB262793A60062111B /* Main.storyboard in Resources */ = {isa = PBXBuildFile; fileRef = 50F463F9262793A60062111B /* Main.storyboard */; };
		50F463FD262793B70062111B /* Assets.xcassets in Resources */ = {isa = PBXBuildFile; fileRef = 50F463FC262793B70062111B /* Assets.xcassets */; };
		50F46400262793B80062111B /* LaunchScreen.storyboard in Resources */ = {isa = PBXBuildFile; fileRef = 50F463FE262793B80062111B /* LaunchScreen.storyboard */; };
		50F4640B262793BC0062111B /* LoginTests.swift in Sources */ = {isa = PBXBuildFile; fileRef = 50F4640A262793BC0062111B /* LoginTests.swift */; };
		50F46416262793BC0062111B /* LoginUITests.swift in Sources */ = {isa = PBXBuildFile; fileRef = 50F46415262793BC0062111B /* LoginUITests.swift */; };
		50F464322627A8230062111B /* HomeViewController.swift in Sources */ = {isa = PBXBuildFile; fileRef = 50F464312627A8230062111B /* HomeViewController.swift */; };
/* End PBXBuildFile section */

/* Begin PBXContainerItemProxy section */
		50F46407262793BC0062111B /* PBXContainerItemProxy */ = {
			isa = PBXContainerItemProxy;
			containerPortal = 50F463E8262793A60062111B /* Project object */;
			proxyType = 1;
			remoteGlobalIDString = 50F463EF262793A60062111B;
			remoteInfo = Login;
		};
		50F46412262793BC0062111B /* PBXContainerItemProxy */ = {
			isa = PBXContainerItemProxy;
			containerPortal = 50F463E8262793A60062111B /* Project object */;
			proxyType = 1;
			remoteGlobalIDString = 50F463EF262793A60062111B;
			remoteInfo = Login;
		};
/* End PBXContainerItemProxy section */

/* Begin PBXFileReference section */
		50F463F0262793A60062111B /* Login.app */ = {isa = PBXFileReference; explicitFileType = wrapper.application; includeInIndex = 0; path = Login.app; sourceTree = BUILT_PRODUCTS_DIR; };
		50F463F3262793A60062111B /* AppDelegate.swift */ = {isa = PBXFileReference; lastKnownFileType = sourcecode.swift; path = AppDelegate.swift; sourceTree = "<group>"; };
		50F463F5262793A60062111B /* SceneDelegate.swift */ = {isa = PBXFileReference; lastKnownFileType = sourcecode.swift; path = SceneDelegate.swift; sourceTree = "<group>"; };
		50F463F7262793A60062111B /* ViewController.swift */ = {isa = PBXFileReference; lastKnownFileType = sourcecode.swift; path = ViewController.swift; sourceTree = "<group>"; };
		50F463FA262793A60062111B /* Base */ = {isa = PBXFileReference; lastKnownFileType = file.storyboard; name = Base; path = Base.lproj/Main.storyboard; sourceTree = "<group>"; };
		50F463FC262793B70062111B /* Assets.xcassets */ = {isa = PBXFileReference; lastKnownFileType = folder.assetcatalog; path = Assets.xcassets; sourceTree = "<group>"; };
		50F463FF262793B80062111B /* Base */ = {isa = PBXFileReference; lastKnownFileType = file.storyboard; name = Base; path = Base.lproj/LaunchScreen.storyboard; sourceTree = "<group>"; };
		50F46401262793B80062111B /* Info.plist */ = {isa = PBXFileReference; lastKnownFileType = text.plist.xml; path = Info.plist; sourceTree = "<group>"; };
		50F46406262793BC0062111B /* LoginTests.xctest */ = {isa = PBXFileReference; explicitFileType = wrapper.cfbundle; includeInIndex = 0; path = LoginTests.xctest; sourceTree = BUILT_PRODUCTS_DIR; };
		50F4640A262793BC0062111B /* LoginTests.swift */ = {isa = PBXFileReference; lastKnownFileType = sourcecode.swift; path = LoginTests.swift; sourceTree = "<group>"; };
		50F4640C262793BC0062111B /* Info.plist */ = {isa = PBXFileReference; lastKnownFileType = text.plist.xml; path = Info.plist; sourceTree = "<group>"; };
		50F46411262793BC0062111B /* LoginUITests.xctest */ = {isa = PBXFileReference; explicitFileType = wrapper.cfbundle; includeInIndex = 0; path = LoginUITests.xctest; sourceTree = BUILT_PRODUCTS_DIR; };
		50F46415262793BC0062111B /* LoginUITests.swift */ = {isa = PBXFileReference; lastKnownFileType = sourcecode.swift; path = LoginUITests.swift; sourceTree = "<group>"; };
		50F46417262793BC0062111B /* Info.plist */ = {isa = PBXFileReference; lastKnownFileType = text.plist.xml; path = Info.plist; sourceTree = "<group>"; };
		50F464312627A8230062111B /* HomeViewController.swift */ = {isa = PBXFileReference; lastKnownFileType = sourcecode.swift; path = HomeViewController.swift; sourceTree = "<group>"; };
/* End PBXFileReference section */

/* Begin PBXFrameworksBuildPhase section */
		50F463ED262793A60062111B /* Frameworks */ = {
			isa = PBXFrameworksBuildPhase;
			buildActionMask = 2147483647;
			files = (
			);
			runOnlyForDeploymentPostprocessing = 0;
		};
		50F46403262793BC0062111B /* Frameworks */ = {
			isa = PBXFrameworksBuildPhase;
			buildActionMask = 2147483647;
			files = (
			);
			runOnlyForDeploymentPostprocessing = 0;
		};
		50F4640E262793BC0062111B /* Frameworks */ = {
			isa = PBXFrameworksBuildPhase;
			buildActionMask = 2147483647;
			files = (
			);
			runOnlyForDeploymentPostprocessing = 0;
		};
/* End PBXFrameworksBuildPhase section */

/* Begin PBXGroup section */
		50F463E7262793A60062111B = {
			isa = PBXGroup;
			children = (
				50F463F2262793A60062111B /* Login */,
				50F46409262793BC0062111B /* LoginTests */,
				50F46414262793BC0062111B /* LoginUITests */,
				50F463F1262793A60062111B /* Products */,
			);
			sourceTree = "<group>";
		};
		50F463F1262793A60062111B /* Products */ = {
			isa = PBXGroup;
			children = (
				50F463F0262793A60062111B /* Login.app */,
				50F46406262793BC0062111B /* LoginTests.xctest */,
				50F46411262793BC0062111B /* LoginUITests.xctest */,
			);
			name = Products;
			sourceTree = "<group>";
		};
		50F463F2262793A60062111B /* Login */ = {
			isa = PBXGroup;
			children = (
				50F4643A2627C1C40062111B /* Model */,
				50F463F3262793A60062111B /* AppDelegate.swift */,
				50F463F5262793A60062111B /* SceneDelegate.swift */,
				50F464362627A8380062111B /* ViewControllers */,
				50F463F9262793A60062111B /* Main.storyboard */,
				50F463FC262793B70062111B /* Assets.xcassets */,
				50F463FE262793B80062111B /* LaunchScreen.storyboard */,
				50F46401262793B80062111B /* Info.plist */,
			);
			path = Login;
			sourceTree = "<group>";
		};
		50F46409262793BC0062111B /* LoginTests */ = {
			isa = PBXGroup;
			children = (
				50F4640A262793BC0062111B /* LoginTests.swift */,
				50F4640C262793BC0062111B /* Info.plist */,
			);
			path = LoginTests;
			sourceTree = "<group>";
		};
		50F46414262793BC0062111B /* LoginUITests */ = {
			isa = PBXGroup;
			children = (
				50F46415262793BC0062111B /* LoginUITests.swift */,
				50F46417262793BC0062111B /* Info.plist */,
			);
			path = LoginUITests;
			sourceTree = "<group>";
		};
		50F464362627A8380062111B /* ViewControllers */ = {
			isa = PBXGroup;
			children = (
				50F463F7262793A60062111B /* ViewController.swift */,
				50F464312627A8230062111B /* HomeViewController.swift */,
			);
			path = ViewControllers;
			sourceTree = "<group>";
		};
		50F4643A2627C1C40062111B /* Model */ = {
			isa = PBXGroup;
			children = (
			);
			path = Model;
			sourceTree = "<group>";
		};
/* End PBXGroup section */

/* Begin PBXNativeTarget section */
		50F463EF262793A60062111B /* Login */ = {
			isa = PBXNativeTarget;
			buildConfigurationList = 50F4641A262793BC0062111B /* Build configuration list for PBXNativeTarget "Login" */;
			buildPhases = (
				50F463EC262793A60062111B /* Sources */,
				50F463ED262793A60062111B /* Frameworks */,
				50F463EE262793A60062111B /* Resources */,
			);
			buildRules = (
			);
			dependencies = (
			);
			name = Login;
			productName = Login;
			productReference = 50F463F0262793A60062111B /* Login.app */;
			productType = "com.apple.product-type.application";
		};
		50F46405262793BC0062111B /* LoginTests */ = {
			isa = PBXNativeTarget;
			buildConfigurationList = 50F4641D262793BC0062111B /* Build configuration list for PBXNativeTarget "LoginTests" */;
			buildPhases = (
				50F46402262793BC0062111B /* Sources */,
				50F46403262793BC0062111B /* Frameworks */,
				50F46404262793BC0062111B /* Resources */,
			);
			buildRules = (
			);
			dependencies = (
				50F46408262793BC0062111B /* PBXTargetDependency */,
			);
			name = LoginTests;
			productName = LoginTests;
			productReference = 50F46406262793BC0062111B /* LoginTests.xctest */;
			productType = "com.apple.product-type.bundle.unit-test";
		};
		50F46410262793BC0062111B /* LoginUITests */ = {
			isa = PBXNativeTarget;
			buildConfigurationList = 50F46420262793BC0062111B /* Build configuration list for PBXNativeTarget "LoginUITests" */;
			buildPhases = (
				50F4640D262793BC0062111B /* Sources */,
				50F4640E262793BC0062111B /* Frameworks */,
				50F4640F262793BC0062111B /* Resources */,
			);
			buildRules = (
			);
			dependencies = (
				50F46413262793BC0062111B /* PBXTargetDependency */,
			);
			name = LoginUITests;
			productName = LoginUITests;
			productReference = 50F46411262793BC0062111B /* LoginUITests.xctest */;
			productType = "com.apple.product-type.bundle.ui-testing";
		};
/* End PBXNativeTarget section */

/* Begin PBXProject section */
		50F463E8262793A60062111B /* Project object */ = {
			isa = PBXProject;
			attributes = {
				LastSwiftUpdateCheck = 1240;
				LastUpgradeCheck = 1240;
				TargetAttributes = {
					50F463EF262793A60062111B = {
						CreatedOnToolsVersion = 12.4;
					};
					50F46405262793BC0062111B = {
						CreatedOnToolsVersion = 12.4;
						TestTargetID = 50F463EF262793A60062111B;
					};
					50F46410262793BC0062111B = {
						CreatedOnToolsVersion = 12.4;
						TestTargetID = 50F463EF262793A60062111B;
					};
				};
			};
			buildConfigurationList = 50F463EB262793A60062111B /* Build configuration list for PBXProject "Login" */;
			compatibilityVersion = "Xcode 9.3";
			developmentRegion = en;
			hasScannedForEncodings = 0;
			knownRegions = (
				en,
				Base,
			);
			mainGroup = 50F463E7262793A60062111B;
			productRefGroup = 50F463F1262793A60062111B /* Products */;
			projectDirPath = "";
			projectRoot = "";
			targets = (
				50F463EF262793A60062111B /* Login */,
				50F46405262793BC0062111B /* LoginTests */,
				50F46410262793BC0062111B /* LoginUITests */,
			);
		};
/* End PBXProject section */

/* Begin PBXResourcesBuildPhase section */
		50F463EE262793A60062111B /* Resources */ = {
			isa = PBXResourcesBuildPhase;
			buildActionMask = 2147483647;
			files = (
				50F46400262793B80062111B /* LaunchScreen.storyboard in Resources */,
				50F463FD262793B70062111B /* Assets.xcassets in Resources */,
				50F463FB262793A60062111B /* Main.storyboard in Resources */,
			);
			runOnlyForDeploymentPostprocessing = 0;
		};
		50F46404262793BC0062111B /* Resources */ = {
			isa = PBXResourcesBuildPhase;
			buildActionMask = 2147483647;
			files = (
			);
			runOnlyForDeploymentPostprocessing = 0;
		};
		50F4640F262793BC0062111B /* Resources */ = {
			isa = PBXResourcesBuildPhase;
			buildActionMask = 2147483647;
			files = (
			);
			runOnlyForDeploymentPostprocessing = 0;
		};
/* End PBXResourcesBuildPhase section */

/* Begin PBXSourcesBuildPhase section */
		50F463EC262793A60062111B /* Sources */ = {
			isa = PBXSourcesBuildPhase;
			buildActionMask = 2147483647;
			files = (
				50F463F8262793A60062111B /* ViewController.swift in Sources */,
				50F463F4262793A60062111B /* AppDelegate.swift in Sources */,
				50F463F6262793A60062111B /* SceneDelegate.swift in Sources */,
				50F464322627A8230062111B /* HomeViewController.swift in Sources */,
			);
			runOnlyForDeploymentPostprocessing = 0;
		};
		50F46402262793BC0062111B /* Sources */ = {
			isa = PBXSourcesBuildPhase;
			buildActionMask = 2147483647;
			files = (
				50F4640B262793BC0062111B /* LoginTests.swift in Sources */,
			);
			runOnlyForDeploymentPostprocessing = 0;
		};
		50F4640D262793BC0062111B /* Sources */ = {
			isa = PBXSourcesBuildPhase;
			buildActionMask = 2147483647;
			files = (
				50F46416262793BC0062111B /* LoginUITests.swift in Sources */,
			);
			runOnlyForDeploymentPostprocessing = 0;
		};
/* End PBXSourcesBuildPhase section */

/* Begin PBXTargetDependency section */
		50F46408262793BC0062111B /* PBXTargetDependency */ = {
			isa = PBXTargetDependency;
			target = 50F463EF262793A60062111B /* Login */;
			targetProxy = 50F46407262793BC0062111B /* PBXContainerItemProxy */;
		};
		50F46413262793BC0062111B /* PBXTargetDependency */ = {
			isa = PBXTargetDependency;
			target = 50F463EF262793A60062111B /* Login */;
			targetProxy = 50F46412262793BC0062111B /* PBXContainerItemProxy */;
		};
/* End PBXTargetDependency section */

/* Begin PBXVariantGroup section */
		50F463F9262793A60062111B /* Main.storyboard */ = {
			isa = PBXVariantGroup;
			children = (
				50F463FA262793A60062111B /* Base */,
			);
			name = Main.storyboard;
			sourceTree = "<group>";
		};
		50F463FE262793B80062111B /* LaunchScreen.storyboard */ = {
			isa = PBXVariantGroup;
			children = (
				50F463FF262793B80062111B /* Base */,
			);
			name = LaunchScreen.storyboard;
			sourceTree = "<group>";
		};
/* End PBXVariantGroup section */

/* Begin XCBuildConfiguration section */
		50F46418262793BC0062111B /* Debug */ = {
			isa = XCBuildConfiguration;
			buildSettings = {
				ALWAYS_SEARCH_USER_PATHS = NO;
				CLANG_ANALYZER_NONNULL = YES;
				CLANG_ANALYZER_NUMBER_OBJECT_CONVERSION = YES_AGGRESSIVE;
				CLANG_CXX_LANGUAGE_STANDARD = "gnu++14";
				CLANG_CXX_LIBRARY = "libc++";
				CLANG_ENABLE_MODULES = YES;
				CLANG_ENABLE_OBJC_ARC = YES;
				CLANG_ENABLE_OBJC_WEAK = YES;
				CLANG_WARN_BLOCK_CAPTURE_AUTORELEASING = YES;
				CLANG_WARN_BOOL_CONVERSION = YES;
				CLANG_WARN_COMMA = YES;
				CLANG_WARN_CONSTANT_CONVERSION = YES;
				CLANG_WARN_DEPRECATED_OBJC_IMPLEMENTATIONS = YES;
				CLANG_WARN_DIRECT_OBJC_ISA_USAGE = YES_ERROR;
				CLANG_WARN_DOCUMENTATION_COMMENTS = YES;
				CLANG_WARN_EMPTY_BODY = YES;
				CLANG_WARN_ENUM_CONVERSION = YES;
				CLANG_WARN_INFINITE_RECURSION = YES;
				CLANG_WARN_INT_CONVERSION = YES;
				CLANG_WARN_NON_LITERAL_NULL_CONVERSION = YES;
				CLANG_WARN_OBJC_IMPLICIT_RETAIN_SELF = YES;
				CLANG_WARN_OBJC_LITERAL_CONVERSION = YES;
				CLANG_WARN_OBJC_ROOT_CLASS = YES_ERROR;
				CLANG_WARN_QUOTED_INCLUDE_IN_FRAMEWORK_HEADER = YES;
				CLANG_WARN_RANGE_LOOP_ANALYSIS = YES;
				CLANG_WARN_STRICT_PROTOTYPES = YES;
				CLANG_WARN_SUSPICIOUS_MOVE = YES;
				CLANG_WARN_UNGUARDED_AVAILABILITY = YES_AGGRESSIVE;
				CLANG_WARN_UNREACHABLE_CODE = YES;
				CLANG_WARN__DUPLICATE_METHOD_MATCH = YES;
				COPY_PHASE_STRIP = NO;
				DEBUG_INFORMATION_FORMAT = dwarf;
				ENABLE_STRICT_OBJC_MSGSEND = YES;
				ENABLE_TESTABILITY = YES;
				GCC_C_LANGUAGE_STANDARD = gnu11;
				GCC_DYNAMIC_NO_PIC = NO;
				GCC_NO_COMMON_BLOCKS = YES;
				GCC_OPTIMIZATION_LEVEL = 0;
				GCC_PREPROCESSOR_DEFINITIONS = (
					"DEBUG=1",
					"$(inherited)",
				);
				GCC_WARN_64_TO_32_BIT_CONVERSION = YES;
				GCC_WARN_ABOUT_RETURN_TYPE = YES_ERROR;
				GCC_WARN_UNDECLARED_SELECTOR = YES;
				GCC_WARN_UNINITIALIZED_AUTOS = YES_AGGRESSIVE;
				GCC_WARN_UNUSED_FUNCTION = YES;
				GCC_WARN_UNUSED_VARIABLE = YES;
				IPHONEOS_DEPLOYMENT_TARGET = 14.4;
				MTL_ENABLE_DEBUG_INFO = INCLUDE_SOURCE;
				MTL_FAST_MATH = YES;
				ONLY_ACTIVE_ARCH = YES;
				SDKROOT = iphoneos;
				SWIFT_ACTIVE_COMPILATION_CONDITIONS = DEBUG;
				SWIFT_OPTIMIZATION_LEVEL = "-Onone";
			};
			name = Debug;
		};
		50F46419262793BC0062111B /* Release */ = {
			isa = XCBuildConfiguration;
			buildSettings = {
				ALWAYS_SEARCH_USER_PATHS = NO;
				CLANG_ANALYZER_NONNULL = YES;
				CLANG_ANALYZER_NUMBER_OBJECT_CONVERSION = YES_AGGRESSIVE;
				CLANG_CXX_LANGUAGE_STANDARD = "gnu++14";
				CLANG_CXX_LIBRARY = "libc++";
				CLANG_ENABLE_MODULES = YES;
				CLANG_ENABLE_OBJC_ARC = YES;
				CLANG_ENABLE_OBJC_WEAK = YES;
				CLANG_WARN_BLOCK_CAPTURE_AUTORELEASING = YES;
				CLANG_WARN_BOOL_CONVERSION = YES;
				CLANG_WARN_COMMA = YES;
				CLANG_WARN_CONSTANT_CONVERSION = YES;
				CLANG_WARN_DEPRECATED_OBJC_IMPLEMENTATIONS = YES;
				CLANG_WARN_DIRECT_OBJC_ISA_USAGE = YES_ERROR;
				CLANG_WARN_DOCUMENTATION_COMMENTS = YES;
				CLANG_WARN_EMPTY_BODY = YES;
				CLANG_WARN_ENUM_CONVERSION = YES;
				CLANG_WARN_INFINITE_RECURSION = YES;
				CLANG_WARN_INT_CONVERSION = YES;
				CLANG_WARN_NON_LITERAL_NULL_CONVERSION = YES;
				CLANG_WARN_OBJC_IMPLICIT_RETAIN_SELF = YES;
				CLANG_WARN_OBJC_LITERAL_CONVERSION = YES;
				CLANG_WARN_OBJC_ROOT_CLASS = YES_ERROR;
				CLANG_WARN_QUOTED_INCLUDE_IN_FRAMEWORK_HEADER = YES;
				CLANG_WARN_RANGE_LOOP_ANALYSIS = YES;
				CLANG_WARN_STRICT_PROTOTYPES = YES;
				CLANG_WARN_SUSPICIOUS_MOVE = YES;
				CLANG_WARN_UNGUARDED_AVAILABILITY = YES_AGGRESSIVE;
				CLANG_WARN_UNREACHABLE_CODE = YES;
				CLANG_WARN__DUPLICATE_METHOD_MATCH = YES;
				COPY_PHASE_STRIP = NO;
				DEBUG_INFORMATION_FORMAT = "dwarf-with-dsym";
				ENABLE_NS_ASSERTIONS = NO;
				ENABLE_STRICT_OBJC_MSGSEND = YES;
				GCC_C_LANGUAGE_STANDARD = gnu11;
				GCC_NO_COMMON_BLOCKS = YES;
				GCC_WARN_64_TO_32_BIT_CONVERSION = YES;
				GCC_WARN_ABOUT_RETURN_TYPE = YES_ERROR;
				GCC_WARN_UNDECLARED_SELECTOR = YES;
				GCC_WARN_UNINITIALIZED_AUTOS = YES_AGGRESSIVE;
				GCC_WARN_UNUSED_FUNCTION = YES;
				GCC_WARN_UNUSED_VARIABLE = YES;
				IPHONEOS_DEPLOYMENT_TARGET = 14.4;
				MTL_ENABLE_DEBUG_INFO = NO;
				MTL_FAST_MATH = YES;
				SDKROOT = iphoneos;
				SWIFT_COMPILATION_MODE = wholemodule;
				SWIFT_OPTIMIZATION_LEVEL = "-O";
				VALIDATE_PRODUCT = YES;
			};
			name = Release;
		};
		50F4641B262793BC0062111B /* Debug */ = {
			isa = XCBuildConfiguration;
			buildSettings = {
				ASSETCATALOG_COMPILER_APPICON_NAME = AppIcon;
				ASSETCATALOG_COMPILER_GLOBAL_ACCENT_COLOR_NAME = AccentColor;
				CODE_SIGN_STYLE = Automatic;
				DEVELOPMENT_TEAM = UL9527QKQY;
				INFOPLIST_FILE = Login/Info.plist;
				LD_RUNPATH_SEARCH_PATHS = (
					"$(inherited)",
					"@executable_path/Frameworks",
				);
				PRODUCT_BUNDLE_IDENTIFIER = ronald.Login;
				PRODUCT_NAME = "$(TARGET_NAME)";
				SWIFT_VERSION = 5.0;
				TARGETED_DEVICE_FAMILY = "1,2";
			};
			name = Debug;
		};
		50F4641C262793BC0062111B /* Release */ = {
			isa = XCBuildConfiguration;
			buildSettings = {
				ASSETCATALOG_COMPILER_APPICON_NAME = AppIcon;
				ASSETCATALOG_COMPILER_GLOBAL_ACCENT_COLOR_NAME = AccentColor;
				CODE_SIGN_STYLE = Automatic;
				DEVELOPMENT_TEAM = UL9527QKQY;
				INFOPLIST_FILE = Login/Info.plist;
				LD_RUNPATH_SEARCH_PATHS = (
					"$(inherited)",
					"@executable_path/Frameworks",
				);
				PRODUCT_BUNDLE_IDENTIFIER = ronald.Login;
				PRODUCT_NAME = "$(TARGET_NAME)";
				SWIFT_VERSION = 5.0;
				TARGETED_DEVICE_FAMILY = "1,2";
			};
			name = Release;
		};
		50F4641E262793BC0062111B /* Debug */ = {
			isa = XCBuildConfiguration;
			buildSettings = {
				ALWAYS_EMBED_SWIFT_STANDARD_LIBRARIES = YES;
				BUNDLE_LOADER = "$(TEST_HOST)";
				CODE_SIGN_STYLE = Automatic;
				DEVELOPMENT_TEAM = UL9527QKQY;
				INFOPLIST_FILE = LoginTests/Info.plist;
				IPHONEOS_DEPLOYMENT_TARGET = 14.4;
				LD_RUNPATH_SEARCH_PATHS = (
					"$(inherited)",
					"@executable_path/Frameworks",
					"@loader_path/Frameworks",
				);
				PRODUCT_BUNDLE_IDENTIFIER = ronald.LoginTests;
				PRODUCT_NAME = "$(TARGET_NAME)";
				SWIFT_VERSION = 5.0;
				TARGETED_DEVICE_FAMILY = "1,2";
				TEST_HOST = "$(BUILT_PRODUCTS_DIR)/Login.app/Login";
			};
			name = Debug;
		};
		50F4641F262793BC0062111B /* Release */ = {
			isa = XCBuildConfiguration;
			buildSettings = {
				ALWAYS_EMBED_SWIFT_STANDARD_LIBRARIES = YES;
				BUNDLE_LOADER = "$(TEST_HOST)";
				CODE_SIGN_STYLE = Automatic;
				DEVELOPMENT_TEAM = UL9527QKQY;
				INFOPLIST_FILE = LoginTests/Info.plist;
				IPHONEOS_DEPLOYMENT_TARGET = 14.4;
				LD_RUNPATH_SEARCH_PATHS = (
					"$(inherited)",
					"@executable_path/Frameworks",
					"@loader_path/Frameworks",
				);
				PRODUCT_BUNDLE_IDENTIFIER = ronald.LoginTests;
				PRODUCT_NAME = "$(TARGET_NAME)";
				SWIFT_VERSION = 5.0;
				TARGETED_DEVICE_FAMILY = "1,2";
				TEST_HOST = "$(BUILT_PRODUCTS_DIR)/Login.app/Login";
			};
			name = Release;
		};
		50F46421262793BC0062111B /* Debug */ = {
			isa = XCBuildConfiguration;
			buildSettings = {
				ALWAYS_EMBED_SWIFT_STANDARD_LIBRARIES = YES;
				CODE_SIGN_STYLE = Automatic;
				DEVELOPMENT_TEAM = UL9527QKQY;
				INFOPLIST_FILE = LoginUITests/Info.plist;
				LD_RUNPATH_SEARCH_PATHS = (
					"$(inherited)",
					"@executable_path/Frameworks",
					"@loader_path/Frameworks",
				);
				PRODUCT_BUNDLE_IDENTIFIER = ronald.LoginUITests;
				PRODUCT_NAME = "$(TARGET_NAME)";
				SWIFT_VERSION = 5.0;
				TARGETED_DEVICE_FAMILY = "1,2";
				TEST_TARGET_NAME = Login;
			};
			name = Debug;
		};
		50F46422262793BC0062111B /* Release */ = {
			isa = XCBuildConfiguration;
			buildSettings = {
				ALWAYS_EMBED_SWIFT_STANDARD_LIBRARIES = YES;
				CODE_SIGN_STYLE = Automatic;
				DEVELOPMENT_TEAM = UL9527QKQY;
				INFOPLIST_FILE = LoginUITests/Info.plist;
				LD_RUNPATH_SEARCH_PATHS = (
					"$(inherited)",
					"@executable_path/Frameworks",
					"@loader_path/Frameworks",
				);
				PRODUCT_BUNDLE_IDENTIFIER = ronald.LoginUITests;
				PRODUCT_NAME = "$(TARGET_NAME)";
				SWIFT_VERSION = 5.0;
				TARGETED_DEVICE_FAMILY = "1,2";
				TEST_TARGET_NAME = Login;
			};
			name = Release;
		};
/* End XCBuildConfiguration section */

/* Begin XCConfigurationList section */
		50F463EB262793A60062111B /* Build configuration list for PBXProject "Login" */ = {
			isa = XCConfigurationList;
			buildConfigurations = (
				50F46418262793BC0062111B /* Debug */,
				50F46419262793BC0062111B /* Release */,
			);
			defaultConfigurationIsVisible = 0;
			defaultConfigurationName = Release;
		};
		50F4641A262793BC0062111B /* Build configuration list for PBXNativeTarget "Login" */ = {
			isa = XCConfigurationList;
			buildConfigurations = (
				50F4641B262793BC0062111B /* Debug */,
				50F4641C262793BC0062111B /* Release */,
			);
			defaultConfigurationIsVisible = 0;
			defaultConfigurationName = Release;
		};
		50F4641D262793BC0062111B /* Build configuration list for PBXNativeTarget "LoginTests" */ = {
			isa = XCConfigurationList;
			buildConfigurations = (
				50F4641E262793BC0062111B /* Debug */,
				50F4641F262793BC0062111B /* Release */,
			);
			defaultConfigurationIsVisible = 0;
			defaultConfigurationName = Release;
		};
		50F46420262793BC0062111B /* Build configuration list for PBXNativeTarget "LoginUITests" */ = {
			isa = XCConfigurationList;
			buildConfigurations = (
				50F46421262793BC0062111B /* Debug */,
				50F46422262793BC0062111B /* Release */,
			);
			defaultConfigurationIsVisible = 0;
			defaultConfigurationName = Release;
		};
/* End XCConfigurationList section */
	};
	rootObject = 50F463E8262793A60062111B /* Project object */;
}
